
Microsoft Visual Studio Solution File, Format Version 12.00
# Visual Studio Version 17
VisualStudioVersion = 17.13.35806.99 d17.13
MinimumVisualStudioVersion = 10.0.40219.1
Project("{FAE04EC0-301F-11D3-BF4B-00C04F79EFBC}") = "WebCrawler", "WebCrawler\WebCrawler.csproj", "{FD63FB22-A65C-43AC-8732-DDE10D6585D1}"
EndProject
Global
	GlobalSection(SolutionConfigurationPlatforms) = preSolution
		Debug|Any CPU = Debug|Any CPU
		Release|Any CPU = Release|Any CPU
	EndGlobalSection
	GlobalSection(ProjectConfigurationPlatforms) = postSolution
		{FD63FB22-A65C-43AC-8732-DDE10D6585D1}.Debug|Any CPU.ActiveCfg = Debug|Any CPU
		{FD63FB22-A65C-43AC-8732-DDE10D6585D1}.Debug|Any CPU.Build.0 = Debug|Any CPU
		{FD63FB22-A65C-43AC-8732-DDE10D6585D1}.Release|Any CPU.ActiveCfg = Release|Any CPU
		{FD63FB22-A65C-43AC-8732-DDE10D6585D1}.Release|Any CPU.Build.0 = Release|Any CPU
	EndGlobalSection
	GlobalSection(SolutionProperties) = preSolution
		HideSolutionNode = FALSE
	EndGlobalSection
	GlobalSection(ExtensibilityGlobals) = postSolution
		SolutionGuid = {C0667628-B930-4D9F-8672-A26EBB364D77}
	EndGlobalSection
EndGlobal
